
Microsoft Visual Studio Solution File, Format Version 12.00
# Visual Studio 15
VisualStudioVersion = 15.0.27703.2018
MinimumVisualStudioVersion = 10.0.40219.1
Project("{FAE04EC0-301F-11D3-BF4B-00C04F79EFBC}") = "lab2 31", "lab2 31\lab2 31.csproj", "{630777CB-2424-43CB-B5C1-E852A3F8F062}"
EndProject
Global
	GlobalSection(SolutionConfigurationPlatforms) = preSolution
		Debug|Any CPU = Debug|Any CPU
		Release|Any CPU = Release|Any CPU
	EndGlobalSection
	GlobalSection(ProjectConfigurationPlatforms) = postSolution
		{630777CB-2424-43CB-B5C1-E852A3F8F062}.Debug|Any CPU.ActiveCfg = Debug|Any CPU
		{630777CB-2424-43CB-B5C1-E852A3F8F062}.Debug|Any CPU.Build.0 = Debug|Any CPU
		{630777CB-2424-43CB-B5C1-E852A3F8F062}.Release|Any CPU.ActiveCfg = Release|Any CPU
		{630777CB-2424-43CB-B5C1-E852A3F8F062}.Release|Any CPU.Build.0 = Release|Any CPU
	EndGlobalSection
	GlobalSection(SolutionProperties) = preSolution
		HideSolutionNode = FALSE
	EndGlobalSection
	GlobalSection(ExtensibilityGlobals) = postSolution
		SolutionGuid = {ADB44175-65B8-4BE2-BD8F-C626D141FFD1}
	EndGlobalSection
EndGlobal
