
Microsoft Visual Studio Solution File, Format Version 12.00
# Visual Studio 15
VisualStudioVersion = 15.0.27703.2018
MinimumVisualStudioVersion = 10.0.40219.1
Project("{FAE04EC0-301F-11D3-BF4B-00C04F79EFBC}") = "examen 2 Jérôme Deschênes", "examen 2 Jérôme Deschênes\examen 2 Jérôme Deschênes.csproj", "{47CA6212-4AA0-41C7-AB2E-4FE021B7E731}"
EndProject
Global
	GlobalSection(SolutionConfigurationPlatforms) = preSolution
		Debug|Any CPU = Debug|Any CPU
		Release|Any CPU = Release|Any CPU
	EndGlobalSection
	GlobalSection(ProjectConfigurationPlatforms) = postSolution
		{47CA6212-4AA0-41C7-AB2E-4FE021B7E731}.Debug|Any CPU.ActiveCfg = Debug|Any CPU
		{47CA6212-4AA0-41C7-AB2E-4FE021B7E731}.Debug|Any CPU.Build.0 = Debug|Any CPU
		{47CA6212-4AA0-41C7-AB2E-4FE021B7E731}.Release|Any CPU.ActiveCfg = Release|Any CPU
		{47CA6212-4AA0-41C7-AB2E-4FE021B7E731}.Release|Any CPU.Build.0 = Release|Any CPU
	EndGlobalSection
	GlobalSection(SolutionProperties) = preSolution
		HideSolutionNode = FALSE
	EndGlobalSection
	GlobalSection(ExtensibilityGlobals) = postSolution
		SolutionGuid = {1902C51B-04FC-4BD9-A1B8-728BCF1182C6}
	EndGlobalSection
EndGlobal
